
Microsoft Visual Studio Solution File, Format Version 12.00
# Visual Studio 2013
VisualStudioVersion = 12.0.31101.0
MinimumVisualStudioVersion = 10.0.40219.1
Project("{FAE04EC0-301F-11D3-BF4B-00C04F79EFBC}") = "COM.TIGER.PGIS.Web", "COM.TIGER.PGIS.Web\COM.TIGER.PGIS.Web.csproj", "{6F7E7829-C5E2-4FFA-9A00-CBC6A1804858}"
EndProject
Project("{FAE04EC0-301F-11D3-BF4B-00C04F79EFBC}") = "COM.TIGER.PGIS.Dal", "COM.TIGER.PGIS.Dal\COM.TIGER.PGIS.Dal.csproj", "{C6077D89-B87A-43E1-9E89-1FC98A0EDA39}"
EndProject
Project("{FAE04EC0-301F-11D3-BF4B-00C04F79EFBC}") = "COM.TIGER.PGIS.AddIn", "COM.TIGER.PGIS.AddIn\COM.TIGER.PGIS.AddIn.csproj", "{521FF5B7-8BB6-46A4-A8ED-295F7876C333}"
EndProject
Project("{FAE04EC0-301F-11D3-BF4B-00C04F79EFBC}") = "COM.TIGER.PGIS.IFun", "COM.TIGER.PGIS.IFun\COM.TIGER.PGIS.IFun.csproj", "{24ADEBC3-1C80-4D92-BE73-BF67D4DD0D0A}"
EndProject
Project("{2150E333-8FDC-42A3-9474-1A3956D46DE8}") = "COM.TIGER.PGIS.DLL", "COM.TIGER.PGIS.DLL", "{691B99F5-9554-4720-8F4A-32606516DFF6}"
	ProjectSection(SolutionItems) = preProject
		COM.TIGER.PGIS.DLL\gdal19.dll = COM.TIGER.PGIS.DLL\gdal19.dll
		COM.TIGER.PGIS.DLL\gdal_csharp.dll = COM.TIGER.PGIS.DLL\gdal_csharp.dll
		COM.TIGER.PGIS.DLL\gdal_wrap.dll = COM.TIGER.PGIS.DLL\gdal_wrap.dll
		COM.TIGER.PGIS.DLL\gdalconst_csharp.dll = COM.TIGER.PGIS.DLL\gdalconst_csharp.dll
		COM.TIGER.PGIS.DLL\gdalconst_wrap.dll = COM.TIGER.PGIS.DLL\gdalconst_wrap.dll
		COM.TIGER.PGIS.DLL\geos_c.dll = COM.TIGER.PGIS.DLL\geos_c.dll
		COM.TIGER.PGIS.DLL\hd426m.dll = COM.TIGER.PGIS.DLL\hd426m.dll
		COM.TIGER.PGIS.DLL\hdf5dll.dll = COM.TIGER.PGIS.DLL\hdf5dll.dll
		COM.TIGER.PGIS.DLL\hm426m.dll = COM.TIGER.PGIS.DLL\hm426m.dll
		COM.TIGER.PGIS.DLL\libeay32.dll = COM.TIGER.PGIS.DLL\libeay32.dll
		COM.TIGER.PGIS.DLL\libiconv-2.dll = COM.TIGER.PGIS.DLL\libiconv-2.dll
		COM.TIGER.PGIS.DLL\libintl-8.dll = COM.TIGER.PGIS.DLL\libintl-8.dll
		COM.TIGER.PGIS.DLL\libpq.dll = COM.TIGER.PGIS.DLL\libpq.dll
		COM.TIGER.PGIS.DLL\Newtonsoft.Json.dll = COM.TIGER.PGIS.DLL\Newtonsoft.Json.dll
		COM.TIGER.PGIS.DLL\ogr_csharp.dll = COM.TIGER.PGIS.DLL\ogr_csharp.dll
		COM.TIGER.PGIS.DLL\ogr_wrap.dll = COM.TIGER.PGIS.DLL\ogr_wrap.dll
		COM.TIGER.PGIS.DLL\OpenFlashChart.dll = COM.TIGER.PGIS.DLL\OpenFlashChart.dll
		COM.TIGER.PGIS.DLL\osr_csharp.dll = COM.TIGER.PGIS.DLL\osr_csharp.dll
		COM.TIGER.PGIS.DLL\osr_wrap.dll = COM.TIGER.PGIS.DLL\osr_wrap.dll
		COM.TIGER.PGIS.DLL\proj.dll = COM.TIGER.PGIS.DLL\proj.dll
		COM.TIGER.PGIS.DLL\ssleay32.dll = COM.TIGER.PGIS.DLL\ssleay32.dll
		COM.TIGER.PGIS.DLL\szip.dll = COM.TIGER.PGIS.DLL\szip.dll
	EndProjectSection
EndProject
Project("{FAE04EC0-301F-11D3-BF4B-00C04F79EFBC}") = "COM.TIGER.PGIS.AddIn.Population", "COM.TIGER.PGIS.AddIn.Population\COM.TIGER.PGIS.AddIn.Population.csproj", "{E8A0DABC-B20D-420A-895D-AC36BDFB858C}"
EndProject
Project("{FAE04EC0-301F-11D3-BF4B-00C04F79EFBC}") = "COM.TIGER.PGIS.AddIn.JCJ_JJDB", "COM.TIGER.PGIS.AddIn.Case\COM.TIGER.PGIS.AddIn.JCJ_JJDB.csproj", "{2F030C25-C469-4038-BC4B-C3CA92C7E58E}"
EndProject
Project("{FAE04EC0-301F-11D3-BF4B-00C04F79EFBC}") = "COM.TIGER.PGIS.AddIn.Hotel", "COM.TIGER.PGIS.AddIn.Hotel\COM.TIGER.PGIS.AddIn.Hotel.csproj", "{2ED2B3FF-17C6-4F8F-A8E2-CE00D8017B50}"
EndProject
Project("{FAE04EC0-301F-11D3-BF4B-00C04F79EFBC}") = "COM.TIGER.PGIS.AddIn.Monitor", "COM.TIGER.PGIS.AddIn.Monitor\COM.TIGER.PGIS.AddIn.Monitor.csproj", "{EF8C4CE5-474D-4155-8680-2D0721D012CB}"
EndProject
Project("{FAE04EC0-301F-11D3-BF4B-00C04F79EFBC}") = "COM.TIGER.PGIS.AddIn.Area", "COM.TIGER.PGIS.AddIn.Area\COM.TIGER.PGIS.AddIn.Area.csproj", "{97757587-8648-4C12-B267-9BFA715CA842}"
EndProject
Project("{FAE04EC0-301F-11D3-BF4B-00C04F79EFBC}") = "COM.TIGER.PGIS.AddIn.Mark", "COM.TIGER.PGIS.AddIn.Mark\COM.TIGER.PGIS.AddIn.Mark.csproj", "{42A9F90C-B3B4-4E5C-87AD-FC064A07450E}"
EndProject
Project("{FAE04EC0-301F-11D3-BF4B-00C04F79EFBC}") = "COM.TIGER.PGIS.AddIn.Preplan", "COM.TIGER.PGIS.AddIn.Preplan\COM.TIGER.PGIS.AddIn.Preplan.csproj", "{AC7FDEDC-3702-4620-BEE8-9565DF812769}"
EndProject
Project("{FAE04EC0-301F-11D3-BF4B-00C04F79EFBC}") = "COM.TIGER.PGIS.AddIn.Statistics", "COM.TIGER.PGIS.AddIn.Statistics\COM.TIGER.PGIS.AddIn.Statistics.csproj", "{FDD05C87-9307-4233-B471-7268D3EE4F32}"
EndProject
Project("{FAE04EC0-301F-11D3-BF4B-00C04F79EFBC}") = "COM.TIGER.PGIS.AddIn.TopicMaps", "COM.TIGER.PGIS.AddIn.TopicMaps\COM.TIGER.PGIS.AddIn.TopicMaps.csproj", "{FFA79FE4-A9E7-4581-B1B4-055D9A3A1CD1}"
EndProject
Project("{FAE04EC0-301F-11D3-BF4B-00C04F79EFBC}") = "COM.TIGER.PGIS.AddIn.Venues", "COM.TIGER.PGIS.AddIn.Venues\COM.TIGER.PGIS.AddIn.Venues.csproj", "{571AB36C-8A2F-486F-86DF-511FD16EA682}"
EndProject
Project("{FAE04EC0-301F-11D3-BF4B-00C04F79EFBC}") = "COM.TIGER.PGIS.AddIn.GPS", "COM.TIGER.PGIS.AddIn.GPS\COM.TIGER.PGIS.AddIn.GPS.csproj", "{63EB7C11-D134-400C-9777-3626B696A31C}"
EndProject
Project("{FAE04EC0-301F-11D3-BF4B-00C04F79EFBC}") = "COM.TIGER.PGIS.AddIn.Company", "COM.TIGER.PGIS.AddIn.Company\COM.TIGER.PGIS.AddIn.Company.csproj", "{8454EE51-CD0E-4F1A-AF59-F50246801395}"
EndProject
Project("{FAE04EC0-301F-11D3-BF4B-00C04F79EFBC}") = "COM.TIGER.PGIS.Common", "COM.TIGER.PGIS.Common\COM.TIGER.PGIS.Common.csproj", "{3000AB04-1F01-4241-9D55-C2E9B2F95F75}"
EndProject
Project("{FAE04EC0-301F-11D3-BF4B-00C04F79EFBC}") = "COM.TIGER.PGIS.Model", "COM.TIGER.PGIS.Model\COM.TIGER.PGIS.Model.csproj", "{CAE8F575-7ED0-41F3-895D-91411311A6CA}"
EndProject
Project("{FAE04EC0-301F-11D3-BF4B-00C04F79EFBC}") = "COM.TIGER.PGIS.AddIn.Building", "COM.TIGER.PGIS.Building\COM.TIGER.PGIS.AddIn.Building.csproj", "{6C1A9E97-7144-413D-A901-828BC249B779}"
EndProject
Project("{FAE04EC0-301F-11D3-BF4B-00C04F79EFBC}") = "COM.TIGER.PGIS.AddIn.CompanyMark", "COM.TIGER.PGIS.AddIn.CompanyMark\COM.TIGER.PGIS.AddIn.CompanyMark.csproj", "{4035F289-110C-4265-8B69-5E0A6444281B}"
EndProject
Project("{FAE04EC0-301F-11D3-BF4B-00C04F79EFBC}") = "COM.TIGER.PGIS.AddIn.PatrolArea", "COM.TIGER.PGIS.AddIn.PatrolArea\COM.TIGER.PGIS.AddIn.PatrolArea.csproj", "{72D4E7B6-565C-41D8-BF7C-581F35F3C395}"
EndProject
Project("{FAE04EC0-301F-11D3-BF4B-00C04F79EFBC}") = "COM.TIGER.PGIS.UnitTestProject", "UnitTestProject\COM.TIGER.PGIS.UnitTestProject.csproj", "{D4508A73-790D-4D67-BEFF-09B3D4930650}"
EndProject
Project("{FAE04EC0-301F-11D3-BF4B-00C04F79EFBC}") = "COM.TIGER.PGIS.AddIn.ViolatedParkAndCapture", "COM.TIGER.PGIS.ViolatedParkAndCapture\COM.TIGER.PGIS.AddIn.ViolatedParkAndCapture.csproj", "{EF966278-119C-4D40-BFB9-111C486EF7FE}"
EndProject
Project("{FAE04EC0-301F-11D3-BF4B-00C04F79EFBC}") = "COM.TIGER.PGIS.AddIn.YJBJ", "COM.TIGER.PGIS.AddIn.YJBJ\COM.TIGER.PGIS.AddIn.YJBJ.csproj", "{A98D4DB6-D956-40C2-9271-FE04FB541FD4}"
EndProject
Project("{FAE04EC0-301F-11D3-BF4B-00C04F79EFBC}") = "COM.TIGER.PGIS.AddIn.PatrolTrack", "COM.TIGER.PGIS.AddIn.PatrolTrack\COM.TIGER.PGIS.AddIn.PatrolTrack.csproj", "{77F38788-DB39-4FC3-BA61-49A34F2E257A}"
EndProject
Project("{FAE04EC0-301F-11D3-BF4B-00C04F79EFBC}") = "COM.TIGER.PGIS.AddIn.Employee", "COM.TIGER.PGIS.AddIn.Employee\COM.TIGER.PGIS.AddIn.Employee.csproj", "{9D285F37-E799-4F57-B9E7-D0272EDF10DE}"
EndProject
Project("{FAE04EC0-301F-11D3-BF4B-00C04F79EFBC}") = "COM.TIGER.PGIS.AddIn.AJJBXX", "COM.TIGER.PGIS.AddIn.AJJBXX\COM.TIGER.PGIS.AddIn.AJJBXX.csproj", "{278E026F-1210-4E8F-8074-870D6A8E8DE0}"
EndProject
Project("{2150E333-8FDC-42A3-9474-1A3956D46DE8}") = "Plugins", "Plugins", "{CA701437-49C2-4FA1-8AEA-076257470AEB}"
EndProject
Project("{2150E333-8FDC-42A3-9474-1A3956D46DE8}") = "UnitTest", "UnitTest", "{D3D18A6E-BC40-4446-AD0F-D19F5101EA6B}"
EndProject
Global
	GlobalSection(SolutionConfigurationPlatforms) = preSolution
		Debug|Any CPU = Debug|Any CPU
		Release|Any CPU = Release|Any CPU
	EndGlobalSection
	GlobalSection(ProjectConfigurationPlatforms) = postSolution
		{6F7E7829-C5E2-4FFA-9A00-CBC6A1804858}.Debug|Any CPU.ActiveCfg = Debug|Any CPU
		{6F7E7829-C5E2-4FFA-9A00-CBC6A1804858}.Debug|Any CPU.Build.0 = Debug|Any CPU
		{6F7E7829-C5E2-4FFA-9A00-CBC6A1804858}.Release|Any CPU.ActiveCfg = Release|Any CPU
		{6F7E7829-C5E2-4FFA-9A00-CBC6A1804858}.Release|Any CPU.Build.0 = Release|Any CPU
		{C6077D89-B87A-43E1-9E89-1FC98A0EDA39}.Debug|Any CPU.ActiveCfg = Debug|Any CPU
		{C6077D89-B87A-43E1-9E89-1FC98A0EDA39}.Debug|Any CPU.Build.0 = Debug|Any CPU
		{C6077D89-B87A-43E1-9E89-1FC98A0EDA39}.Release|Any CPU.ActiveCfg = Release|Any CPU
		{C6077D89-B87A-43E1-9E89-1FC98A0EDA39}.Release|Any CPU.Build.0 = Release|Any CPU
		{521FF5B7-8BB6-46A4-A8ED-295F7876C333}.Debug|Any CPU.ActiveCfg = Debug|Any CPU
		{521FF5B7-8BB6-46A4-A8ED-295F7876C333}.Debug|Any CPU.Build.0 = Debug|Any CPU
		{521FF5B7-8BB6-46A4-A8ED-295F7876C333}.Release|Any CPU.ActiveCfg = Release|Any CPU
		{521FF5B7-8BB6-46A4-A8ED-295F7876C333}.Release|Any CPU.Build.0 = Release|Any CPU
		{24ADEBC3-1C80-4D92-BE73-BF67D4DD0D0A}.Debug|Any CPU.ActiveCfg = Debug|Any CPU
		{24ADEBC3-1C80-4D92-BE73-BF67D4DD0D0A}.Debug|Any CPU.Build.0 = Debug|Any CPU
		{24ADEBC3-1C80-4D92-BE73-BF67D4DD0D0A}.Release|Any CPU.ActiveCfg = Release|Any CPU
		{24ADEBC3-1C80-4D92-BE73-BF67D4DD0D0A}.Release|Any CPU.Build.0 = Release|Any CPU
		{E8A0DABC-B20D-420A-895D-AC36BDFB858C}.Debug|Any CPU.ActiveCfg = Debug|Any CPU
		{E8A0DABC-B20D-420A-895D-AC36BDFB858C}.Debug|Any CPU.Build.0 = Debug|Any CPU
		{E8A0DABC-B20D-420A-895D-AC36BDFB858C}.Release|Any CPU.ActiveCfg = Release|Any CPU
		{E8A0DABC-B20D-420A-895D-AC36BDFB858C}.Release|Any CPU.Build.0 = Release|Any CPU
		{2F030C25-C469-4038-BC4B-C3CA92C7E58E}.Debug|Any CPU.ActiveCfg = Debug|Any CPU
		{2F030C25-C469-4038-BC4B-C3CA92C7E58E}.Debug|Any CPU.Build.0 = Debug|Any CPU
		{2F030C25-C469-4038-BC4B-C3CA92C7E58E}.Release|Any CPU.ActiveCfg = Release|Any CPU
		{2F030C25-C469-4038-BC4B-C3CA92C7E58E}.Release|Any CPU.Build.0 = Release|Any CPU
		{2ED2B3FF-17C6-4F8F-A8E2-CE00D8017B50}.Debug|Any CPU.ActiveCfg = Debug|Any CPU
		{2ED2B3FF-17C6-4F8F-A8E2-CE00D8017B50}.Debug|Any CPU.Build.0 = Debug|Any CPU
		{2ED2B3FF-17C6-4F8F-A8E2-CE00D8017B50}.Release|Any CPU.ActiveCfg = Release|Any CPU
		{2ED2B3FF-17C6-4F8F-A8E2-CE00D8017B50}.Release|Any CPU.Build.0 = Release|Any CPU
		{EF8C4CE5-474D-4155-8680-2D0721D012CB}.Debug|Any CPU.ActiveCfg = Debug|Any CPU
		{EF8C4CE5-474D-4155-8680-2D0721D012CB}.Debug|Any CPU.Build.0 = Debug|Any CPU
		{EF8C4CE5-474D-4155-8680-2D0721D012CB}.Release|Any CPU.ActiveCfg = Release|Any CPU
		{EF8C4CE5-474D-4155-8680-2D0721D012CB}.Release|Any CPU.Build.0 = Release|Any CPU
		{97757587-8648-4C12-B267-9BFA715CA842}.Debug|Any CPU.ActiveCfg = Debug|Any CPU
		{97757587-8648-4C12-B267-9BFA715CA842}.Debug|Any CPU.Build.0 = Debug|Any CPU
		{97757587-8648-4C12-B267-9BFA715CA842}.Release|Any CPU.ActiveCfg = Release|Any CPU
		{97757587-8648-4C12-B267-9BFA715CA842}.Release|Any CPU.Build.0 = Release|Any CPU
		{42A9F90C-B3B4-4E5C-87AD-FC064A07450E}.Debug|Any CPU.ActiveCfg = Debug|Any CPU
		{42A9F90C-B3B4-4E5C-87AD-FC064A07450E}.Debug|Any CPU.Build.0 = Debug|Any CPU
		{42A9F90C-B3B4-4E5C-87AD-FC064A07450E}.Release|Any CPU.ActiveCfg = Release|Any CPU
		{42A9F90C-B3B4-4E5C-87AD-FC064A07450E}.Release|Any CPU.Build.0 = Release|Any CPU
		{AC7FDEDC-3702-4620-BEE8-9565DF812769}.Debug|Any CPU.ActiveCfg = Debug|Any CPU
		{AC7FDEDC-3702-4620-BEE8-9565DF812769}.Debug|Any CPU.Build.0 = Debug|Any CPU
		{AC7FDEDC-3702-4620-BEE8-9565DF812769}.Release|Any CPU.ActiveCfg = Release|Any CPU
		{AC7FDEDC-3702-4620-BEE8-9565DF812769}.Release|Any CPU.Build.0 = Release|Any CPU
		{FDD05C87-9307-4233-B471-7268D3EE4F32}.Debug|Any CPU.ActiveCfg = Debug|Any CPU
		{FDD05C87-9307-4233-B471-7268D3EE4F32}.Debug|Any CPU.Build.0 = Debug|Any CPU
		{FDD05C87-9307-4233-B471-7268D3EE4F32}.Release|Any CPU.ActiveCfg = Release|Any CPU
		{FDD05C87-9307-4233-B471-7268D3EE4F32}.Release|Any CPU.Build.0 = Release|Any CPU
		{FFA79FE4-A9E7-4581-B1B4-055D9A3A1CD1}.Debug|Any CPU.ActiveCfg = Debug|Any CPU
		{FFA79FE4-A9E7-4581-B1B4-055D9A3A1CD1}.Debug|Any CPU.Build.0 = Debug|Any CPU
		{FFA79FE4-A9E7-4581-B1B4-055D9A3A1CD1}.Release|Any CPU.ActiveCfg = Release|Any CPU
		{FFA79FE4-A9E7-4581-B1B4-055D9A3A1CD1}.Release|Any CPU.Build.0 = Release|Any CPU
		{571AB36C-8A2F-486F-86DF-511FD16EA682}.Debug|Any CPU.ActiveCfg = Debug|Any CPU
		{571AB36C-8A2F-486F-86DF-511FD16EA682}.Debug|Any CPU.Build.0 = Debug|Any CPU
		{571AB36C-8A2F-486F-86DF-511FD16EA682}.Release|Any CPU.ActiveCfg = Release|Any CPU
		{571AB36C-8A2F-486F-86DF-511FD16EA682}.Release|Any CPU.Build.0 = Release|Any CPU
		{63EB7C11-D134-400C-9777-3626B696A31C}.Debug|Any CPU.ActiveCfg = Debug|Any CPU
		{63EB7C11-D134-400C-9777-3626B696A31C}.Debug|Any CPU.Build.0 = Debug|Any CPU
		{63EB7C11-D134-400C-9777-3626B696A31C}.Release|Any CPU.ActiveCfg = Release|Any CPU
		{63EB7C11-D134-400C-9777-3626B696A31C}.Release|Any CPU.Build.0 = Release|Any CPU
		{8454EE51-CD0E-4F1A-AF59-F50246801395}.Debug|Any CPU.ActiveCfg = Debug|Any CPU
		{8454EE51-CD0E-4F1A-AF59-F50246801395}.Debug|Any CPU.Build.0 = Debug|Any CPU
		{8454EE51-CD0E-4F1A-AF59-F50246801395}.Release|Any CPU.ActiveCfg = Release|Any CPU
		{8454EE51-CD0E-4F1A-AF59-F50246801395}.Release|Any CPU.Build.0 = Release|Any CPU
		{3000AB04-1F01-4241-9D55-C2E9B2F95F75}.Debug|Any CPU.ActiveCfg = Debug|Any CPU
		{3000AB04-1F01-4241-9D55-C2E9B2F95F75}.Debug|Any CPU.Build.0 = Debug|Any CPU
		{3000AB04-1F01-4241-9D55-C2E9B2F95F75}.Release|Any CPU.ActiveCfg = Release|Any CPU
		{3000AB04-1F01-4241-9D55-C2E9B2F95F75}.Release|Any CPU.Build.0 = Release|Any CPU
		{CAE8F575-7ED0-41F3-895D-91411311A6CA}.Debug|Any CPU.ActiveCfg = Debug|Any CPU
		{CAE8F575-7ED0-41F3-895D-91411311A6CA}.Debug|Any CPU.Build.0 = Debug|Any CPU
		{CAE8F575-7ED0-41F3-895D-91411311A6CA}.Release|Any CPU.ActiveCfg = Release|Any CPU
		{CAE8F575-7ED0-41F3-895D-91411311A6CA}.Release|Any CPU.Build.0 = Release|Any CPU
		{6C1A9E97-7144-413D-A901-828BC249B779}.Debug|Any CPU.ActiveCfg = Debug|Any CPU
		{6C1A9E97-7144-413D-A901-828BC249B779}.Debug|Any CPU.Build.0 = Debug|Any CPU
		{6C1A9E97-7144-413D-A901-828BC249B779}.Release|Any CPU.ActiveCfg = Release|Any CPU
		{6C1A9E97-7144-413D-A901-828BC249B779}.Release|Any CPU.Build.0 = Release|Any CPU
		{4035F289-110C-4265-8B69-5E0A6444281B}.Debug|Any CPU.ActiveCfg = Debug|Any CPU
		{4035F289-110C-4265-8B69-5E0A6444281B}.Debug|Any CPU.Build.0 = Debug|Any CPU
		{4035F289-110C-4265-8B69-5E0A6444281B}.Release|Any CPU.ActiveCfg = Release|Any CPU
		{4035F289-110C-4265-8B69-5E0A6444281B}.Release|Any CPU.Build.0 = Release|Any CPU
		{72D4E7B6-565C-41D8-BF7C-581F35F3C395}.Debug|Any CPU.ActiveCfg = Debug|Any CPU
		{72D4E7B6-565C-41D8-BF7C-581F35F3C395}.Debug|Any CPU.Build.0 = Debug|Any CPU
		{72D4E7B6-565C-41D8-BF7C-581F35F3C395}.Release|Any CPU.ActiveCfg = Release|Any CPU
		{72D4E7B6-565C-41D8-BF7C-581F35F3C395}.Release|Any CPU.Build.0 = Release|Any CPU
		{D4508A73-790D-4D67-BEFF-09B3D4930650}.Debug|Any CPU.ActiveCfg = Debug|Any CPU
		{D4508A73-790D-4D67-BEFF-09B3D4930650}.Debug|Any CPU.Build.0 = Debug|Any CPU
		{D4508A73-790D-4D67-BEFF-09B3D4930650}.Release|Any CPU.ActiveCfg = Release|Any CPU
		{D4508A73-790D-4D67-BEFF-09B3D4930650}.Release|Any CPU.Build.0 = Release|Any CPU
		{EF966278-119C-4D40-BFB9-111C486EF7FE}.Debug|Any CPU.ActiveCfg = Debug|Any CPU
		{EF966278-119C-4D40-BFB9-111C486EF7FE}.Debug|Any CPU.Build.0 = Debug|Any CPU
		{EF966278-119C-4D40-BFB9-111C486EF7FE}.Release|Any CPU.ActiveCfg = Release|Any CPU
		{EF966278-119C-4D40-BFB9-111C486EF7FE}.Release|Any CPU.Build.0 = Release|Any CPU
		{A98D4DB6-D956-40C2-9271-FE04FB541FD4}.Debug|Any CPU.ActiveCfg = Debug|Any CPU
		{A98D4DB6-D956-40C2-9271-FE04FB541FD4}.Debug|Any CPU.Build.0 = Debug|Any CPU
		{A98D4DB6-D956-40C2-9271-FE04FB541FD4}.Release|Any CPU.ActiveCfg = Release|Any CPU
		{A98D4DB6-D956-40C2-9271-FE04FB541FD4}.Release|Any CPU.Build.0 = Release|Any CPU
		{77F38788-DB39-4FC3-BA61-49A34F2E257A}.Debug|Any CPU.ActiveCfg = Debug|Any CPU
		{77F38788-DB39-4FC3-BA61-49A34F2E257A}.Debug|Any CPU.Build.0 = Debug|Any CPU
		{77F38788-DB39-4FC3-BA61-49A34F2E257A}.Release|Any CPU.ActiveCfg = Release|Any CPU
		{77F38788-DB39-4FC3-BA61-49A34F2E257A}.Release|Any CPU.Build.0 = Release|Any CPU
		{9D285F37-E799-4F57-B9E7-D0272EDF10DE}.Debug|Any CPU.ActiveCfg = Debug|Any CPU
		{9D285F37-E799-4F57-B9E7-D0272EDF10DE}.Debug|Any CPU.Build.0 = Debug|Any CPU
		{9D285F37-E799-4F57-B9E7-D0272EDF10DE}.Release|Any CPU.ActiveCfg = Release|Any CPU
		{9D285F37-E799-4F57-B9E7-D0272EDF10DE}.Release|Any CPU.Build.0 = Release|Any CPU
		{278E026F-1210-4E8F-8074-870D6A8E8DE0}.Debug|Any CPU.ActiveCfg = Debug|Any CPU
		{278E026F-1210-4E8F-8074-870D6A8E8DE0}.Debug|Any CPU.Build.0 = Debug|Any CPU
		{278E026F-1210-4E8F-8074-870D6A8E8DE0}.Release|Any CPU.ActiveCfg = Release|Any CPU
		{278E026F-1210-4E8F-8074-870D6A8E8DE0}.Release|Any CPU.Build.0 = Release|Any CPU
	EndGlobalSection
	GlobalSection(SolutionProperties) = preSolution
		HideSolutionNode = FALSE
	EndGlobalSection
	GlobalSection(NestedProjects) = preSolution
		{521FF5B7-8BB6-46A4-A8ED-295F7876C333} = {CA701437-49C2-4FA1-8AEA-076257470AEB}
		{E8A0DABC-B20D-420A-895D-AC36BDFB858C} = {CA701437-49C2-4FA1-8AEA-076257470AEB}
		{2F030C25-C469-4038-BC4B-C3CA92C7E58E} = {CA701437-49C2-4FA1-8AEA-076257470AEB}
		{2ED2B3FF-17C6-4F8F-A8E2-CE00D8017B50} = {CA701437-49C2-4FA1-8AEA-076257470AEB}
		{EF8C4CE5-474D-4155-8680-2D0721D012CB} = {CA701437-49C2-4FA1-8AEA-076257470AEB}
		{97757587-8648-4C12-B267-9BFA715CA842} = {CA701437-49C2-4FA1-8AEA-076257470AEB}
		{42A9F90C-B3B4-4E5C-87AD-FC064A07450E} = {CA701437-49C2-4FA1-8AEA-076257470AEB}
		{AC7FDEDC-3702-4620-BEE8-9565DF812769} = {CA701437-49C2-4FA1-8AEA-076257470AEB}
		{FDD05C87-9307-4233-B471-7268D3EE4F32} = {CA701437-49C2-4FA1-8AEA-076257470AEB}
		{FFA79FE4-A9E7-4581-B1B4-055D9A3A1CD1} = {CA701437-49C2-4FA1-8AEA-076257470AEB}
		{571AB36C-8A2F-486F-86DF-511FD16EA682} = {CA701437-49C2-4FA1-8AEA-076257470AEB}
		{63EB7C11-D134-400C-9777-3626B696A31C} = {CA701437-49C2-4FA1-8AEA-076257470AEB}
		{8454EE51-CD0E-4F1A-AF59-F50246801395} = {CA701437-49C2-4FA1-8AEA-076257470AEB}
		{6C1A9E97-7144-413D-A901-828BC249B779} = {CA701437-49C2-4FA1-8AEA-076257470AEB}
		{4035F289-110C-4265-8B69-5E0A6444281B} = {CA701437-49C2-4FA1-8AEA-076257470AEB}
		{72D4E7B6-565C-41D8-BF7C-581F35F3C395} = {CA701437-49C2-4FA1-8AEA-076257470AEB}
		{D4508A73-790D-4D67-BEFF-09B3D4930650} = {D3D18A6E-BC40-4446-AD0F-D19F5101EA6B}
		{EF966278-119C-4D40-BFB9-111C486EF7FE} = {CA701437-49C2-4FA1-8AEA-076257470AEB}
		{A98D4DB6-D956-40C2-9271-FE04FB541FD4} = {CA701437-49C2-4FA1-8AEA-076257470AEB}
		{77F38788-DB39-4FC3-BA61-49A34F2E257A} = {CA701437-49C2-4FA1-8AEA-076257470AEB}
		{9D285F37-E799-4F57-B9E7-D0272EDF10DE} = {CA701437-49C2-4FA1-8AEA-076257470AEB}
		{278E026F-1210-4E8F-8074-870D6A8E8DE0} = {CA701437-49C2-4FA1-8AEA-076257470AEB}
	EndGlobalSection
EndGlobal
